// !$*UTF8*$!
{
	archiveVersion = 1;
	classes = {
	};
	objectVersion = 50;
	objects = {

/* Begin PBXBuildFile section */
		2C00C35F23D24D1B008A7EDF /* AppDelegate.swift in Sources */ = {isa = PBXBuildFile; fileRef = 2C00C35E23D24D1B008A7EDF /* AppDelegate.swift */; };
		2C00C36123D24D1B008A7EDF /* SceneDelegate.swift in Sources */ = {isa = PBXBuildFile; fileRef = 2C00C36023D24D1B008A7EDF /* SceneDelegate.swift */; };
		2C00C36323D24D1B008A7EDF /* ViewController.swift in Sources */ = {isa = PBXBuildFile; fileRef = 2C00C36223D24D1B008A7EDF /* ViewController.swift */; };
		2C00C36623D24D1B008A7EDF /* Main.storyboard in Resources */ = {isa = PBXBuildFile; fileRef = 2C00C36423D24D1B008A7EDF /* Main.storyboard */; };
		2C00C36823D24D1D008A7EDF /* Assets.xcassets in Resources */ = {isa = PBXBuildFile; fileRef = 2C00C36723D24D1D008A7EDF /* Assets.xcassets */; };
		2C00C36B23D24D1D008A7EDF /* LaunchScreen.storyboard in Resources */ = {isa = PBXBuildFile; fileRef = 2C00C36923D24D1D008A7EDF /* LaunchScreen.storyboard */; };
		2C00C37623D24D1D008A7EDF /* FlixTests.swift in Sources */ = {isa = PBXBuildFile; fileRef = 2C00C37523D24D1D008A7EDF /* FlixTests.swift */; };
		2C00C38123D24D1E008A7EDF /* FlixUITests.swift in Sources */ = {isa = PBXBuildFile; fileRef = 2C00C38023D24D1E008A7EDF /* FlixUITests.swift */; };
		2C00C38F23D25033008A7EDF /* MovieViewController.swift in Sources */ = {isa = PBXBuildFile; fileRef = 2C00C38E23D25033008A7EDF /* MovieViewController.swift */; };
		2C00C39123D2613A008A7EDF /* MovieCell.swift in Sources */ = {isa = PBXBuildFile; fileRef = 2C00C39023D2613A008A7EDF /* MovieCell.swift */; };
		5F7ACFA5D9C202DE76F95805 /* Pods_Flix.framework in Frameworks */ = {isa = PBXBuildFile; fileRef = D338098ECACA5AC279BC8C2C /* Pods_Flix.framework */; };
		9ABBC143C56FB70D31C7E972 /* Pods_Flix_FlixUITests.framework in Frameworks */ = {isa = PBXBuildFile; fileRef = 087272B768C9676220129827 /* Pods_Flix_FlixUITests.framework */; };
		BBA89C3EE536AC241D6132F0 /* Pods_FlixTests.framework in Frameworks */ = {isa = PBXBuildFile; fileRef = 7D70C638C104C7FB579F7B90 /* Pods_FlixTests.framework */; };
/* End PBXBuildFile section */

/* Begin PBXContainerItemProxy section */
		2C00C37223D24D1D008A7EDF /* PBXContainerItemProxy */ = {
			isa = PBXContainerItemProxy;
			containerPortal = 2C00C35323D24D1B008A7EDF /* Project object */;
			proxyType = 1;
			remoteGlobalIDString = 2C00C35A23D24D1B008A7EDF;
			remoteInfo = Flix;
		};
		2C00C37D23D24D1E008A7EDF /* PBXContainerItemProxy */ = {
			isa = PBXContainerItemProxy;
			containerPortal = 2C00C35323D24D1B008A7EDF /* Project object */;
			proxyType = 1;
			remoteGlobalIDString = 2C00C35A23D24D1B008A7EDF;
			remoteInfo = Flix;
		};
/* End PBXContainerItemProxy section */

/* Begin PBXFileReference section */
		087272B768C9676220129827 /* Pods_Flix_FlixUITests.framework */ = {isa = PBXFileReference; explicitFileType = wrapper.framework; includeInIndex = 0; path = Pods_Flix_FlixUITests.framework; sourceTree = BUILT_PRODUCTS_DIR; };
		16D61BBF1953179DCE7D3636 /* Pods-Flix-FlixUITests.debug.xcconfig */ = {isa = PBXFileReference; includeInIndex = 1; lastKnownFileType = text.xcconfig; name = "Pods-Flix-FlixUITests.debug.xcconfig"; path = "Target Support Files/Pods-Flix-FlixUITests/Pods-Flix-FlixUITests.debug.xcconfig"; sourceTree = "<group>"; };
		2C00C35B23D24D1B008A7EDF /* Flix.app */ = {isa = PBXFileReference; explicitFileType = wrapper.application; includeInIndex = 0; path = Flix.app; sourceTree = BUILT_PRODUCTS_DIR; };
		2C00C35E23D24D1B008A7EDF /* AppDelegate.swift */ = {isa = PBXFileReference; lastKnownFileType = sourcecode.swift; path = AppDelegate.swift; sourceTree = "<group>"; };
		2C00C36023D24D1B008A7EDF /* SceneDelegate.swift */ = {isa = PBXFileReference; lastKnownFileType = sourcecode.swift; path = SceneDelegate.swift; sourceTree = "<group>"; };
		2C00C36223D24D1B008A7EDF /* ViewController.swift */ = {isa = PBXFileReference; lastKnownFileType = sourcecode.swift; path = ViewController.swift; sourceTree = "<group>"; };
		2C00C36523D24D1B008A7EDF /* Base */ = {isa = PBXFileReference; lastKnownFileType = file.storyboard; name = Base; path = Base.lproj/Main.storyboard; sourceTree = "<group>"; };
		2C00C36723D24D1D008A7EDF /* Assets.xcassets */ = {isa = PBXFileReference; lastKnownFileType = folder.assetcatalog; path = Assets.xcassets; sourceTree = "<group>"; };
		2C00C36A23D24D1D008A7EDF /* Base */ = {isa = PBXFileReference; lastKnownFileType = file.storyboard; name = Base; path = Base.lproj/LaunchScreen.storyboard; sourceTree = "<group>"; };
		2C00C36C23D24D1D008A7EDF /* Info.plist */ = {isa = PBXFileReference; lastKnownFileType = text.plist.xml; path = Info.plist; sourceTree = "<group>"; };
		2C00C37123D24D1D008A7EDF /* FlixTests.xctest */ = {isa = PBXFileReference; explicitFileType = wrapper.cfbundle; includeInIndex = 0; path = FlixTests.xctest; sourceTree = BUILT_PRODUCTS_DIR; };
		2C00C37523D24D1D008A7EDF /* FlixTests.swift */ = {isa = PBXFileReference; lastKnownFileType = sourcecode.swift; path = FlixTests.swift; sourceTree = "<group>"; };
		2C00C37723D24D1D008A7EDF /* Info.plist */ = {isa = PBXFileReference; lastKnownFileType = text.plist.xml; path = Info.plist; sourceTree = "<group>"; };
		2C00C37C23D24D1E008A7EDF /* FlixUITests.xctest */ = {isa = PBXFileReference; explicitFileType = wrapper.cfbundle; includeInIndex = 0; path = FlixUITests.xctest; sourceTree = BUILT_PRODUCTS_DIR; };
		2C00C38023D24D1E008A7EDF /* FlixUITests.swift */ = {isa = PBXFileReference; lastKnownFileType = sourcecode.swift; path = FlixUITests.swift; sourceTree = "<group>"; };
		2C00C38223D24D1E008A7EDF /* Info.plist */ = {isa = PBXFileReference; lastKnownFileType = text.plist.xml; path = Info.plist; sourceTree = "<group>"; };
		2C00C38E23D25033008A7EDF /* MovieViewController.swift */ = {isa = PBXFileReference; lastKnownFileType = sourcecode.swift; path = MovieViewController.swift; sourceTree = "<group>"; };
		2C00C39023D2613A008A7EDF /* MovieCell.swift */ = {isa = PBXFileReference; lastKnownFileType = sourcecode.swift; path = MovieCell.swift; sourceTree = "<group>"; };
		6D8D9785D412FA18A9682DC4 /* Pods-Flix-FlixUITests.release.xcconfig */ = {isa = PBXFileReference; includeInIndex = 1; lastKnownFileType = text.xcconfig; name = "Pods-Flix-FlixUITests.release.xcconfig"; path = "Target Support Files/Pods-Flix-FlixUITests/Pods-Flix-FlixUITests.release.xcconfig"; sourceTree = "<group>"; };
		787A48E049CF0B82D40847BE /* Pods-FlixTests.debug.xcconfig */ = {isa = PBXFileReference; includeInIndex = 1; lastKnownFileType = text.xcconfig; name = "Pods-FlixTests.debug.xcconfig"; path = "Target Support Files/Pods-FlixTests/Pods-FlixTests.debug.xcconfig"; sourceTree = "<group>"; };
		7D70C638C104C7FB579F7B90 /* Pods_FlixTests.framework */ = {isa = PBXFileReference; explicitFileType = wrapper.framework; includeInIndex = 0; path = Pods_FlixTests.framework; sourceTree = BUILT_PRODUCTS_DIR; };
		948957A27A7DC1F4E70CB5CC /* Pods-Flix.release.xcconfig */ = {isa = PBXFileReference; includeInIndex = 1; lastKnownFileType = text.xcconfig; name = "Pods-Flix.release.xcconfig"; path = "Target Support Files/Pods-Flix/Pods-Flix.release.xcconfig"; sourceTree = "<group>"; };
		C3C61B306781792011EE6428 /* Pods-FlixTests.release.xcconfig */ = {isa = PBXFileReference; includeInIndex = 1; lastKnownFileType = text.xcconfig; name = "Pods-FlixTests.release.xcconfig"; path = "Target Support Files/Pods-FlixTests/Pods-FlixTests.release.xcconfig"; sourceTree = "<group>"; };
		D0BA035BE6A6E2D79B73D68A /* Pods-Flix.debug.xcconfig */ = {isa = PBXFileReference; includeInIndex = 1; lastKnownFileType = text.xcconfig; name = "Pods-Flix.debug.xcconfig"; path = "Target Support Files/Pods-Flix/Pods-Flix.debug.xcconfig"; sourceTree = "<group>"; };
		D338098ECACA5AC279BC8C2C /* Pods_Flix.framework */ = {isa = PBXFileReference; explicitFileType = wrapper.framework; includeInIndex = 0; path = Pods_Flix.framework; sourceTree = BUILT_PRODUCTS_DIR; };
/* End PBXFileReference section */

/* Begin PBXFrameworksBuildPhase section */
		2C00C35823D24D1B008A7EDF /* Frameworks */ = {
			isa = PBXFrameworksBuildPhase;
			buildActionMask = 2147483647;
			files = (
				5F7ACFA5D9C202DE76F95805 /* Pods_Flix.framework in Frameworks */,
			);
			runOnlyForDeploymentPostprocessing = 0;
		};
		2C00C36E23D24D1D008A7EDF /* Frameworks */ = {
			isa = PBXFrameworksBuildPhase;
			buildActionMask = 2147483647;
			files = (
				BBA89C3EE536AC241D6132F0 /* Pods_FlixTests.framework in Frameworks */,
			);
			runOnlyForDeploymentPostprocessing = 0;
		};
		2C00C37923D24D1E008A7EDF /* Frameworks */ = {
			isa = PBXFrameworksBuildPhase;
			buildActionMask = 2147483647;
			files = (
				9ABBC143C56FB70D31C7E972 /* Pods_Flix_FlixUITests.framework in Frameworks */,
			);
			runOnlyForDeploymentPostprocessing = 0;
		};
/* End PBXFrameworksBuildPhase section */

/* Begin PBXGroup section */
		1549631339C84BBAE79B66FA /* Pods */ = {
			isa = PBXGroup;
			children = (
				D0BA035BE6A6E2D79B73D68A /* Pods-Flix.debug.xcconfig */,
				948957A27A7DC1F4E70CB5CC /* Pods-Flix.release.xcconfig */,
				16D61BBF1953179DCE7D3636 /* Pods-Flix-FlixUITests.debug.xcconfig */,
				6D8D9785D412FA18A9682DC4 /* Pods-Flix-FlixUITests.release.xcconfig */,
				787A48E049CF0B82D40847BE /* Pods-FlixTests.debug.xcconfig */,
				C3C61B306781792011EE6428 /* Pods-FlixTests.release.xcconfig */,
			);
			name = Pods;
			path = Pods;
			sourceTree = "<group>";
		};
		2C00C35223D24D1B008A7EDF = {
			isa = PBXGroup;
			children = (
				2C00C35D23D24D1B008A7EDF /* Flix */,
				2C00C37423D24D1D008A7EDF /* FlixTests */,
				2C00C37F23D24D1E008A7EDF /* FlixUITests */,
				2C00C35C23D24D1B008A7EDF /* Products */,
				1549631339C84BBAE79B66FA /* Pods */,
				F845E552F074C46F6C6DBC2E /* Frameworks */,
			);
			sourceTree = "<group>";
		};
		2C00C35C23D24D1B008A7EDF /* Products */ = {
			isa = PBXGroup;
			children = (
				2C00C35B23D24D1B008A7EDF /* Flix.app */,
				2C00C37123D24D1D008A7EDF /* FlixTests.xctest */,
				2C00C37C23D24D1E008A7EDF /* FlixUITests.xctest */,
			);
			name = Products;
			sourceTree = "<group>";
		};
		2C00C35D23D24D1B008A7EDF /* Flix */ = {
			isa = PBXGroup;
			children = (
				2C00C35E23D24D1B008A7EDF /* AppDelegate.swift */,
				2C00C36023D24D1B008A7EDF /* SceneDelegate.swift */,
				2C00C36223D24D1B008A7EDF /* ViewController.swift */,
				2C00C36423D24D1B008A7EDF /* Main.storyboard */,
				2C00C38E23D25033008A7EDF /* MovieViewController.swift */,
				2C00C36723D24D1D008A7EDF /* Assets.xcassets */,
				2C00C36923D24D1D008A7EDF /* LaunchScreen.storyboard */,
				2C00C36C23D24D1D008A7EDF /* Info.plist */,
				2C00C39023D2613A008A7EDF /* MovieCell.swift */,
			);
			path = Flix;
			sourceTree = "<group>";
		};
		2C00C37423D24D1D008A7EDF /* FlixTests */ = {
			isa = PBXGroup;
			children = (
				2C00C37523D24D1D008A7EDF /* FlixTests.swift */,
				2C00C37723D24D1D008A7EDF /* Info.plist */,
			);
			path = FlixTests;
			sourceTree = "<group>";
		};
		2C00C37F23D24D1E008A7EDF /* FlixUITests */ = {
			isa = PBXGroup;
			children = (
				2C00C38023D24D1E008A7EDF /* FlixUITests.swift */,
				2C00C38223D24D1E008A7EDF /* Info.plist */,
			);
			path = FlixUITests;
			sourceTree = "<group>";
		};
		F845E552F074C46F6C6DBC2E /* Frameworks */ = {
			isa = PBXGroup;
			children = (
				D338098ECACA5AC279BC8C2C /* Pods_Flix.framework */,
				087272B768C9676220129827 /* Pods_Flix_FlixUITests.framework */,
				7D70C638C104C7FB579F7B90 /* Pods_FlixTests.framework */,
			);
			name = Frameworks;
			sourceTree = "<group>";
		};
/* End PBXGroup section */

/* Begin PBXNativeTarget section */
		2C00C35A23D24D1B008A7EDF /* Flix */ = {
			isa = PBXNativeTarget;
			buildConfigurationList = 2C00C38523D24D1E008A7EDF /* Build configuration list for PBXNativeTarget "Flix" */;
			buildPhases = (
				97FB9A7F35DFC3359B306DFD /* [CP] Check Pods Manifest.lock */,
				2C00C35723D24D1B008A7EDF /* Sources */,
				2C00C35823D24D1B008A7EDF /* Frameworks */,
				2C00C35923D24D1B008A7EDF /* Resources */,
				B93BD069362F1218F49E0A6C /* [CP] Embed Pods Frameworks */,
			);
			buildRules = (
			);
			dependencies = (
			);
			name = Flix;
			productName = Flix;
			productReference = 2C00C35B23D24D1B008A7EDF /* Flix.app */;
			productType = "com.apple.product-type.application";
		};
		2C00C37023D24D1D008A7EDF /* FlixTests */ = {
			isa = PBXNativeTarget;
			buildConfigurationList = 2C00C38823D24D1E008A7EDF /* Build configuration list for PBXNativeTarget "FlixTests" */;
			buildPhases = (
				D7AA729178C4980BE572C34C /* [CP] Check Pods Manifest.lock */,
				2C00C36D23D24D1D008A7EDF /* Sources */,
				2C00C36E23D24D1D008A7EDF /* Frameworks */,
				2C00C36F23D24D1D008A7EDF /* Resources */,
			);
			buildRules = (
			);
			dependencies = (
				2C00C37323D24D1D008A7EDF /* PBXTargetDependency */,
			);
			name = FlixTests;
			productName = FlixTests;
			productReference = 2C00C37123D24D1D008A7EDF /* FlixTests.xctest */;
			productType = "com.apple.product-type.bundle.unit-test";
		};
		2C00C37B23D24D1E008A7EDF /* FlixUITests */ = {
			isa = PBXNativeTarget;
			buildConfigurationList = 2C00C38B23D24D1E008A7EDF /* Build configuration list for PBXNativeTarget "FlixUITests" */;
			buildPhases = (
				38029BE1E29B2C845B5120E7 /* [CP] Check Pods Manifest.lock */,
				2C00C37823D24D1E008A7EDF /* Sources */,
				2C00C37923D24D1E008A7EDF /* Frameworks */,
				2C00C37A23D24D1E008A7EDF /* Resources */,
				1828AA426E99F85C43CDC280 /* [CP] Embed Pods Frameworks */,
			);
			buildRules = (
			);
			dependencies = (
				2C00C37E23D24D1E008A7EDF /* PBXTargetDependency */,
			);
			name = FlixUITests;
			productName = FlixUITests;
			productReference = 2C00C37C23D24D1E008A7EDF /* FlixUITests.xctest */;
			productType = "com.apple.product-type.bundle.ui-testing";
		};
/* End PBXNativeTarget section */

/* Begin PBXProject section */
		2C00C35323D24D1B008A7EDF /* Project object */ = {
			isa = PBXProject;
			attributes = {
				LastSwiftUpdateCheck = 1130;
				LastUpgradeCheck = 1130;
				ORGANIZATIONNAME = "Zachary Pinto";
				TargetAttributes = {
					2C00C35A23D24D1B008A7EDF = {
						CreatedOnToolsVersion = 11.3.1;
					};
					2C00C37023D24D1D008A7EDF = {
						CreatedOnToolsVersion = 11.3.1;
						TestTargetID = 2C00C35A23D24D1B008A7EDF;
					};
					2C00C37B23D24D1E008A7EDF = {
						CreatedOnToolsVersion = 11.3.1;
						TestTargetID = 2C00C35A23D24D1B008A7EDF;
					};
				};
			};
			buildConfigurationList = 2C00C35623D24D1B008A7EDF /* Build configuration list for PBXProject "Flix" */;
			compatibilityVersion = "Xcode 9.3";
			developmentRegion = en;
			hasScannedForEncodings = 0;
			knownRegions = (
				en,
				Base,
			);
			mainGroup = 2C00C35223D24D1B008A7EDF;
			productRefGroup = 2C00C35C23D24D1B008A7EDF /* Products */;
			projectDirPath = "";
			projectRoot = "";
			targets = (
				2C00C35A23D24D1B008A7EDF /* Flix */,
				2C00C37023D24D1D008A7EDF /* FlixTests */,
				2C00C37B23D24D1E008A7EDF /* FlixUITests */,
			);
		};
/* End PBXProject section */

/* Begin PBXResourcesBuildPhase section */
		2C00C35923D24D1B008A7EDF /* Resources */ = {
			isa = PBXResourcesBuildPhase;
			buildActionMask = 2147483647;
			files = (
				2C00C36B23D24D1D008A7EDF /* LaunchScreen.storyboard in Resources */,
				2C00C36823D24D1D008A7EDF /* Assets.xcassets in Resources */,
				2C00C36623D24D1B008A7EDF /* Main.storyboard in Resources */,
			);
			runOnlyForDeploymentPostprocessing = 0;
		};
		2C00C36F23D24D1D008A7EDF /* Resources */ = {
			isa = PBXResourcesBuildPhase;
			buildActionMask = 2147483647;
			files = (
			);
			runOnlyForDeploymentPostprocessing = 0;
		};
		2C00C37A23D24D1E008A7EDF /* Resources */ = {
			isa = PBXResourcesBuildPhase;
			buildActionMask = 2147483647;
			files = (
			);
			runOnlyForDeploymentPostprocessing = 0;
		};
/* End PBXResourcesBuildPhase section */

/* Begin PBXShellScriptBuildPhase section */
		1828AA426E99F85C43CDC280 /* [CP] Embed Pods Frameworks */ = {
			isa = PBXShellScriptBuildPhase;
			buildActionMask = 2147483647;
			files = (
			);
			inputFileListPaths = (
				"${PODS_ROOT}/Target Support Files/Pods-Flix-FlixUITests/Pods-Flix-FlixUITests-frameworks-${CONFIGURATION}-input-files.xcfilelist",
			);
			name = "[CP] Embed Pods Frameworks";
			outputFileListPaths = (
				"${PODS_ROOT}/Target Support Files/Pods-Flix-FlixUITests/Pods-Flix-FlixUITests-frameworks-${CONFIGURATION}-output-files.xcfilelist",
			);
			runOnlyForDeploymentPostprocessing = 0;
			shellPath = /bin/sh;
			shellScript = "\"${PODS_ROOT}/Target Support Files/Pods-Flix-FlixUITests/Pods-Flix-FlixUITests-frameworks.sh\"\n";
			showEnvVarsInLog = 0;
		};
		38029BE1E29B2C845B5120E7 /* [CP] Check Pods Manifest.lock */ = {
			isa = PBXShellScriptBuildPhase;
			buildActionMask = 2147483647;
			files = (
			);
			inputFileListPaths = (
			);
			inputPaths = (
				"${PODS_PODFILE_DIR_PATH}/Podfile.lock",
				"${PODS_ROOT}/Manifest.lock",
			);
			name = "[CP] Check Pods Manifest.lock";
			outputFileListPaths = (
			);
			outputPaths = (
				"$(DERIVED_FILE_DIR)/Pods-Flix-FlixUITests-checkManifestLockResult.txt",
			);
			runOnlyForDeploymentPostprocessing = 0;
			shellPath = /bin/sh;
			shellScript = "diff \"${PODS_PODFILE_DIR_PATH}/Podfile.lock\" \"${PODS_ROOT}/Manifest.lock\" > /dev/null\nif [ $? != 0 ] ; then\n    # print error to STDERR\n    echo \"error: The sandbox is not in sync with the Podfile.lock. Run 'pod install' or update your CocoaPods installation.\" >&2\n    exit 1\nfi\n# This output is used by Xcode 'outputs' to avoid re-running this script phase.\necho \"SUCCESS\" > \"${SCRIPT_OUTPUT_FILE_0}\"\n";
			showEnvVarsInLog = 0;
		};
		97FB9A7F35DFC3359B306DFD /* [CP] Check Pods Manifest.lock */ = {
			isa = PBXShellScriptBuildPhase;
			buildActionMask = 2147483647;
			files = (
			);
			inputFileListPaths = (
			);
			inputPaths = (
				"${PODS_PODFILE_DIR_PATH}/Podfile.lock",
				"${PODS_ROOT}/Manifest.lock",
			);
			name = "[CP] Check Pods Manifest.lock";
			outputFileListPaths = (
			);
			outputPaths = (
				"$(DERIVED_FILE_DIR)/Pods-Flix-checkManifestLockResult.txt",
			);
			runOnlyForDeploymentPostprocessing = 0;
			shellPath = /bin/sh;
			shellScript = "diff \"${PODS_PODFILE_DIR_PATH}/Podfile.lock\" \"${PODS_ROOT}/Manifest.lock\" > /dev/null\nif [ $? != 0 ] ; then\n    # print error to STDERR\n    echo \"error: The sandbox is not in sync with the Podfile.lock. Run 'pod install' or update your CocoaPods installation.\" >&2\n    exit 1\nfi\n# This output is used by Xcode 'outputs' to avoid re-running this script phase.\necho \"SUCCESS\" > \"${SCRIPT_OUTPUT_FILE_0}\"\n";
			showEnvVarsInLog = 0;
		};
		B93BD069362F1218F49E0A6C /* [CP] Embed Pods Frameworks */ = {
			isa = PBXShellScriptBuildPhase;
			buildActionMask = 2147483647;
			files = (
			);
			inputFileListPaths = (
				"${PODS_ROOT}/Target Support Files/Pods-Flix/Pods-Flix-frameworks-${CONFIGURATION}-input-files.xcfilelist",
			);
			name = "[CP] Embed Pods Frameworks";
			outputFileListPaths = (
				"${PODS_ROOT}/Target Support Files/Pods-Flix/Pods-Flix-frameworks-${CONFIGURATION}-output-files.xcfilelist",
			);
			runOnlyForDeploymentPostprocessing = 0;
			shellPath = /bin/sh;
			shellScript = "\"${PODS_ROOT}/Target Support Files/Pods-Flix/Pods-Flix-frameworks.sh\"\n";
			showEnvVarsInLog = 0;
		};
		D7AA729178C4980BE572C34C /* [CP] Check Pods Manifest.lock */ = {
			isa = PBXShellScriptBuildPhase;
			buildActionMask = 2147483647;
			files = (
			);
			inputFileListPaths = (
			);
			inputPaths = (
				"${PODS_PODFILE_DIR_PATH}/Podfile.lock",
				"${PODS_ROOT}/Manifest.lock",
			);
			name = "[CP] Check Pods Manifest.lock";
			outputFileListPaths = (
			);
			outputPaths = (
				"$(DERIVED_FILE_DIR)/Pods-FlixTests-checkManifestLockResult.txt",
			);
			runOnlyForDeploymentPostprocessing = 0;
			shellPath = /bin/sh;
			shellScript = "diff \"${PODS_PODFILE_DIR_PATH}/Podfile.lock\" \"${PODS_ROOT}/Manifest.lock\" > /dev/null\nif [ $? != 0 ] ; then\n    # print error to STDERR\n    echo \"error: The sandbox is not in sync with the Podfile.lock. Run 'pod install' or update your CocoaPods installation.\" >&2\n    exit 1\nfi\n# This output is used by Xcode 'outputs' to avoid re-running this script phase.\necho \"SUCCESS\" > \"${SCRIPT_OUTPUT_FILE_0}\"\n";
			showEnvVarsInLog = 0;
		};
/* End PBXShellScriptBuildPhase section */

/* Begin PBXSourcesBuildPhase section */
		2C00C35723D24D1B008A7EDF /* Sources */ = {
			isa = PBXSourcesBuildPhase;
			buildActionMask = 2147483647;
			files = (
				2C00C36323D24D1B008A7EDF /* ViewController.swift in Sources */,
				2C00C35F23D24D1B008A7EDF /* AppDelegate.swift in Sources */,
				2C00C36123D24D1B008A7EDF /* SceneDelegate.swift in Sources */,
				2C00C39123D2613A008A7EDF /* MovieCell.swift in Sources */,
				2C00C38F23D25033008A7EDF /* MovieViewController.swift in Sources */,
			);
			runOnlyForDeploymentPostprocessing = 0;
		};
		2C00C36D23D24D1D008A7EDF /* Sources */ = {
			isa = PBXSourcesBuildPhase;
			buildActionMask = 2147483647;
			files = (
				2C00C37623D24D1D008A7EDF /* FlixTests.swift in Sources */,
			);
			runOnlyForDeploymentPostprocessing = 0;
		};
		2C00C37823D24D1E008A7EDF /* Sources */ = {
			isa = PBXSourcesBuildPhase;
			buildActionMask = 2147483647;
			files = (
				2C00C38123D24D1E008A7EDF /* FlixUITests.swift in Sources */,
			);
			runOnlyForDeploymentPostprocessing = 0;
		};
/* End PBXSourcesBuildPhase section */

/* Begin PBXTargetDependency section */
		2C00C37323D24D1D008A7EDF /* PBXTargetDependency */ = {
			isa = PBXTargetDependency;
			target = 2C00C35A23D24D1B008A7EDF /* Flix */;
			targetProxy = 2C00C37223D24D1D008A7EDF /* PBXContainerItemProxy */;
		};
		2C00C37E23D24D1E008A7EDF /* PBXTargetDependency */ = {
			isa = PBXTargetDependency;
			target = 2C00C35A23D24D1B008A7EDF /* Flix */;
			targetProxy = 2C00C37D23D24D1E008A7EDF /* PBXContainerItemProxy */;
		};
/* End PBXTargetDependency section */

/* Begin PBXVariantGroup section */
		2C00C36423D24D1B008A7EDF /* Main.storyboard */ = {
			isa = PBXVariantGroup;
			children = (
				2C00C36523D24D1B008A7EDF /* Base */,
			);
			name = Main.storyboard;
			sourceTree = "<group>";
		};
		2C00C36923D24D1D008A7EDF /* LaunchScreen.storyboard */ = {
			isa = PBXVariantGroup;
			children = (
				2C00C36A23D24D1D008A7EDF /* Base */,
			);
			name = LaunchScreen.storyboard;
			sourceTree = "<group>";
		};
/* End PBXVariantGroup section */

/* Begin XCBuildConfiguration section */
		2C00C38323D24D1E008A7EDF /* Debug */ = {
			isa = XCBuildConfiguration;
			buildSettings = {
				ALWAYS_SEARCH_USER_PATHS = NO;
				CLANG_ANALYZER_NONNULL = YES;
				CLANG_ANALYZER_NUMBER_OBJECT_CONVERSION = YES_AGGRESSIVE;
				CLANG_CXX_LANGUAGE_STANDARD = "gnu++14";
				CLANG_CXX_LIBRARY = "libc++";
				CLANG_ENABLE_MODULES = YES;
				CLANG_ENABLE_OBJC_ARC = YES;
				CLANG_ENABLE_OBJC_WEAK = YES;
				CLANG_WARN_BLOCK_CAPTURE_AUTORELEASING = YES;
				CLANG_WARN_BOOL_CONVERSION = YES;
				CLANG_WARN_COMMA = YES;
				CLANG_WARN_CONSTANT_CONVERSION = YES;
				CLANG_WARN_DEPRECATED_OBJC_IMPLEMENTATIONS = YES;
				CLANG_WARN_DIRECT_OBJC_ISA_USAGE = YES_ERROR;
				CLANG_WARN_DOCUMENTATION_COMMENTS = YES;
				CLANG_WARN_EMPTY_BODY = YES;
				CLANG_WARN_ENUM_CONVERSION = YES;
				CLANG_WARN_INFINITE_RECURSION = YES;
				CLANG_WARN_INT_CONVERSION = YES;
				CLANG_WARN_NON_LITERAL_NULL_CONVERSION = YES;
				CLANG_WARN_OBJC_IMPLICIT_RETAIN_SELF = YES;
				CLANG_WARN_OBJC_LITERAL_CONVERSION = YES;
				CLANG_WARN_OBJC_ROOT_CLASS = YES_ERROR;
				CLANG_WARN_RANGE_LOOP_ANALYSIS = YES;
				CLANG_WARN_STRICT_PROTOTYPES = YES;
				CLANG_WARN_SUSPICIOUS_MOVE = YES;
				CLANG_WARN_UNGUARDED_AVAILABILITY = YES_AGGRESSIVE;
				CLANG_WARN_UNREACHABLE_CODE = YES;
				CLANG_WARN__DUPLICATE_METHOD_MATCH = YES;
				COPY_PHASE_STRIP = NO;
				DEBUG_INFORMATION_FORMAT = dwarf;
				ENABLE_STRICT_OBJC_MSGSEND = YES;
				ENABLE_TESTABILITY = YES;
				GCC_C_LANGUAGE_STANDARD = gnu11;
				GCC_DYNAMIC_NO_PIC = NO;
				GCC_NO_COMMON_BLOCKS = YES;
				GCC_OPTIMIZATION_LEVEL = 0;
				GCC_PREPROCESSOR_DEFINITIONS = (
					"DEBUG=1",
					"$(inherited)",
				);
				GCC_WARN_64_TO_32_BIT_CONVERSION = YES;
				GCC_WARN_ABOUT_RETURN_TYPE = YES_ERROR;
				GCC_WARN_UNDECLARED_SELECTOR = YES;
				GCC_WARN_UNINITIALIZED_AUTOS = YES_AGGRESSIVE;
				GCC_WARN_UNUSED_FUNCTION = YES;
				GCC_WARN_UNUSED_VARIABLE = YES;
				IPHONEOS_DEPLOYMENT_TARGET = 13.2;
				MTL_ENABLE_DEBUG_INFO = INCLUDE_SOURCE;
				MTL_FAST_MATH = YES;
				ONLY_ACTIVE_ARCH = YES;
				SDKROOT = iphoneos;
				SWIFT_ACTIVE_COMPILATION_CONDITIONS = DEBUG;
				SWIFT_OPTIMIZATION_LEVEL = "-Onone";
			};
			name = Debug;
		};
		2C00C38423D24D1E008A7EDF /* Release */ = {
			isa = XCBuildConfiguration;
			buildSettings = {
				ALWAYS_SEARCH_USER_PATHS = NO;
				CLANG_ANALYZER_NONNULL = YES;
				CLANG_ANALYZER_NUMBER_OBJECT_CONVERSION = YES_AGGRESSIVE;
				CLANG_CXX_LANGUAGE_STANDARD = "gnu++14";
				CLANG_CXX_LIBRARY = "libc++";
				CLANG_ENABLE_MODULES = YES;
				CLANG_ENABLE_OBJC_ARC = YES;
				CLANG_ENABLE_OBJC_WEAK = YES;
				CLANG_WARN_BLOCK_CAPTURE_AUTORELEASING = YES;
				CLANG_WARN_BOOL_CONVERSION = YES;
				CLANG_WARN_COMMA = YES;
				CLANG_WARN_CONSTANT_CONVERSION = YES;
				CLANG_WARN_DEPRECATED_OBJC_IMPLEMENTATIONS = YES;
				CLANG_WARN_DIRECT_OBJC_ISA_USAGE = YES_ERROR;
				CLANG_WARN_DOCUMENTATION_COMMENTS = YES;
				CLANG_WARN_EMPTY_BODY = YES;
				CLANG_WARN_ENUM_CONVERSION = YES;
				CLANG_WARN_INFINITE_RECURSION = YES;
				CLANG_WARN_INT_CONVERSION = YES;
				CLANG_WARN_NON_LITERAL_NULL_CONVERSION = YES;
				CLANG_WARN_OBJC_IMPLICIT_RETAIN_SELF = YES;
				CLANG_WARN_OBJC_LITERAL_CONVERSION = YES;
				CLANG_WARN_OBJC_ROOT_CLASS = YES_ERROR;
				CLANG_WARN_RANGE_LOOP_ANALYSIS = YES;
				CLANG_WARN_STRICT_PROTOTYPES = YES;
				CLANG_WARN_SUSPICIOUS_MOVE = YES;
				CLANG_WARN_UNGUARDED_AVAILABILITY = YES_AGGRESSIVE;
				CLANG_WARN_UNREACHABLE_CODE = YES;
				CLANG_WARN__DUPLICATE_METHOD_MATCH = YES;
				COPY_PHASE_STRIP = NO;
				DEBUG_INFORMATION_FORMAT = "dwarf-with-dsym";
				ENABLE_NS_ASSERTIONS = NO;
				ENABLE_STRICT_OBJC_MSGSEND = YES;
				GCC_C_LANGUAGE_STANDARD = gnu11;
				GCC_NO_COMMON_BLOCKS = YES;
				GCC_WARN_64_TO_32_BIT_CONVERSION = YES;
				GCC_WARN_ABOUT_RETURN_TYPE = YES_ERROR;
				GCC_WARN_UNDECLARED_SELECTOR = YES;
				GCC_WARN_UNINITIALIZED_AUTOS = YES_AGGRESSIVE;
				GCC_WARN_UNUSED_FUNCTION = YES;
				GCC_WARN_UNUSED_VARIABLE = YES;
				IPHONEOS_DEPLOYMENT_TARGET = 13.2;
				MTL_ENABLE_DEBUG_INFO = NO;
				MTL_FAST_MATH = YES;
				SDKROOT = iphoneos;
				SWIFT_COMPILATION_MODE = wholemodule;
				SWIFT_OPTIMIZATION_LEVEL = "-O";
				VALIDATE_PRODUCT = YES;
			};
			name = Release;
		};
		2C00C38623D24D1E008A7EDF /* Debug */ = {
			isa = XCBuildConfiguration;
			baseConfigurationReference = D0BA035BE6A6E2D79B73D68A /* Pods-Flix.debug.xcconfig */;
			buildSettings = {
				ASSETCATALOG_COMPILER_APPICON_NAME = AppIcon;
				CODE_SIGN_STYLE = Automatic;
				INFOPLIST_FILE = Flix/Info.plist;
				LD_RUNPATH_SEARCH_PATHS = (
					"$(inherited)",
					"@executable_path/Frameworks",
				);
				PRODUCT_BUNDLE_IDENTIFIER = com.zacharypinto.Flix;
				PRODUCT_NAME = "$(TARGET_NAME)";
				SWIFT_VERSION = 5.0;
				TARGETED_DEVICE_FAMILY = "1,2";
			};
			name = Debug;
		};
		2C00C38723D24D1E008A7EDF /* Release */ = {
			isa = XCBuildConfiguration;
			baseConfigurationReference = 948957A27A7DC1F4E70CB5CC /* Pods-Flix.release.xcconfig */;
			buildSettings = {
				ASSETCATALOG_COMPILER_APPICON_NAME = AppIcon;
				CODE_SIGN_STYLE = Automatic;
				INFOPLIST_FILE = Flix/Info.plist;
				LD_RUNPATH_SEARCH_PATHS = (
					"$(inherited)",
					"@executable_path/Frameworks",
				);
				PRODUCT_BUNDLE_IDENTIFIER = com.zacharypinto.Flix;
				PRODUCT_NAME = "$(TARGET_NAME)";
				SWIFT_VERSION = 5.0;
				TARGETED_DEVICE_FAMILY = "1,2";
			};
			name = Release;
		};
		2C00C38923D24D1E008A7EDF /* Debug */ = {
			isa = XCBuildConfiguration;
			baseConfigurationReference = 787A48E049CF0B82D40847BE /* Pods-FlixTests.debug.xcconfig */;
			buildSettings = {
				ALWAYS_EMBED_SWIFT_STANDARD_LIBRARIES = YES;
				BUNDLE_LOADER = "$(TEST_HOST)";
				CODE_SIGN_STYLE = Automatic;
				INFOPLIST_FILE = FlixTests/Info.plist;
				IPHONEOS_DEPLOYMENT_TARGET = 13.2;
				LD_RUNPATH_SEARCH_PATHS = (
					"$(inherited)",
					"@executable_path/Frameworks",
					"@loader_path/Frameworks",
				);
				PRODUCT_BUNDLE_IDENTIFIER = com.zacharypinto.FlixTests;
				PRODUCT_NAME = "$(TARGET_NAME)";
				SWIFT_VERSION = 5.0;
				TARGETED_DEVICE_FAMILY = "1,2";
				TEST_HOST = "$(BUILT_PRODUCTS_DIR)/Flix.app/Flix";
			};
			name = Debug;
		};
		2C00C38A23D24D1E008A7EDF /* Release */ = {
			isa = XCBuildConfiguration;
			baseConfigurationReference = C3C61B306781792011EE6428 /* Pods-FlixTests.release.xcconfig */;
			buildSettings = {
				ALWAYS_EMBED_SWIFT_STANDARD_LIBRARIES = YES;
				BUNDLE_LOADER = "$(TEST_HOST)";
				CODE_SIGN_STYLE = Automatic;
				INFOPLIST_FILE = FlixTests/Info.plist;
				IPHONEOS_DEPLOYMENT_TARGET = 13.2;
				LD_RUNPATH_SEARCH_PATHS = (
					"$(inherited)",
					"@executable_path/Frameworks",
					"@loader_path/Frameworks",
				);
				PRODUCT_BUNDLE_IDENTIFIER = com.zacharypinto.FlixTests;
				PRODUCT_NAME = "$(TARGET_NAME)";
				SWIFT_VERSION = 5.0;
				TARGETED_DEVICE_FAMILY = "1,2";
				TEST_HOST = "$(BUILT_PRODUCTS_DIR)/Flix.app/Flix";
			};
			name = Release;
		};
		2C00C38C23D24D1E008A7EDF /* Debug */ = {
			isa = XCBuildConfiguration;
			baseConfigurationReference = 16D61BBF1953179DCE7D3636 /* Pods-Flix-FlixUITests.debug.xcconfig */;
			buildSettings = {
				ALWAYS_EMBED_SWIFT_STANDARD_LIBRARIES = YES;
				CODE_SIGN_STYLE = Automatic;
				INFOPLIST_FILE = FlixUITests/Info.plist;
				LD_RUNPATH_SEARCH_PATHS = (
					"$(inherited)",
					"@executable_path/Frameworks",
					"@loader_path/Frameworks",
				);
				PRODUCT_BUNDLE_IDENTIFIER = com.zacharypinto.FlixUITests;
				PRODUCT_NAME = "$(TARGET_NAME)";
				SWIFT_VERSION = 5.0;
				TARGETED_DEVICE_FAMILY = "1,2";
				TEST_TARGET_NAME = Flix;
			};
			name = Debug;
		};
		2C00C38D23D24D1E008A7EDF /* Release */ = {
			isa = XCBuildConfiguration;
			baseConfigurationReference = 6D8D9785D412FA18A9682DC4 /* Pods-Flix-FlixUITests.release.xcconfig */;
			buildSettings = {
				ALWAYS_EMBED_SWIFT_STANDARD_LIBRARIES = YES;
				CODE_SIGN_STYLE = Automatic;
				INFOPLIST_FILE = FlixUITests/Info.plist;
				LD_RUNPATH_SEARCH_PATHS = (
					"$(inherited)",
					"@executable_path/Frameworks",
					"@loader_path/Frameworks",
				);
				PRODUCT_BUNDLE_IDENTIFIER = com.zacharypinto.FlixUITests;
				PRODUCT_NAME = "$(TARGET_NAME)";
				SWIFT_VERSION = 5.0;
				TARGETED_DEVICE_FAMILY = "1,2";
				TEST_TARGET_NAME = Flix;
			};
			name = Release;
		};
/* End XCBuildConfiguration section */

/* Begin XCConfigurationList section */
		2C00C35623D24D1B008A7EDF /* Build configuration list for PBXProject "Flix" */ = {
			isa = XCConfigurationList;
			buildConfigurations = (
				2C00C38323D24D1E008A7EDF /* Debug */,
				2C00C38423D24D1E008A7EDF /* Release */,
			);
			defaultConfigurationIsVisible = 0;
			defaultConfigurationName = Release;
		};
		2C00C38523D24D1E008A7EDF /* Build configuration list for PBXNativeTarget "Flix" */ = {
			isa = XCConfigurationList;
			buildConfigurations = (
				2C00C38623D24D1E008A7EDF /* Debug */,
				2C00C38723D24D1E008A7EDF /* Release */,
			);
			defaultConfigurationIsVisible = 0;
			defaultConfigurationName = Release;
		};
		2C00C38823D24D1E008A7EDF /* Build configuration list for PBXNativeTarget "FlixTests" */ = {
			isa = XCConfigurationList;
			buildConfigurations = (
				2C00C38923D24D1E008A7EDF /* Debug */,
				2C00C38A23D24D1E008A7EDF /* Release */,
			);
			defaultConfigurationIsVisible = 0;
			defaultConfigurationName = Release;
		};
		2C00C38B23D24D1E008A7EDF /* Build configuration list for PBXNativeTarget "FlixUITests" */ = {
			isa = XCConfigurationList;
			buildConfigurations = (
				2C00C38C23D24D1E008A7EDF /* Debug */,
				2C00C38D23D24D1E008A7EDF /* Release */,
			);
			defaultConfigurationIsVisible = 0;
			defaultConfigurationName = Release;
		};
/* End XCConfigurationList section */
	};
	rootObject = 2C00C35323D24D1B008A7EDF /* Project object */;
}
